
Microsoft Visual Studio Solution File, Format Version 12.00
# Visual Studio Version 17
VisualStudioVersion = 17.10.35122.118
MinimumVisualStudioVersion = 10.0.40219.1
Project("{FAE04EC0-301F-11D3-BF4B-00C04F79EFBC}") = "Array-10-10", "Array-10-10\Array-10-10.csproj", "{6DBA13ED-FD70-414F-93CD-770A1AA782A3}"
EndProject
Global
	GlobalSection(SolutionConfigurationPlatforms) = preSolution
		Debug|Any CPU = Debug|Any CPU
		Release|Any CPU = Release|Any CPU
	EndGlobalSection
	GlobalSection(ProjectConfigurationPlatforms) = postSolution
		{6DBA13ED-FD70-414F-93CD-770A1AA782A3}.Debug|Any CPU.ActiveCfg = Debug|Any CPU
		{6DBA13ED-FD70-414F-93CD-770A1AA782A3}.Debug|Any CPU.Build.0 = Debug|Any CPU
		{6DBA13ED-FD70-414F-93CD-770A1AA782A3}.Release|Any CPU.ActiveCfg = Release|Any CPU
		{6DBA13ED-FD70-414F-93CD-770A1AA782A3}.Release|Any CPU.Build.0 = Release|Any CPU
	EndGlobalSection
	GlobalSection(SolutionProperties) = preSolution
		HideSolutionNode = FALSE
	EndGlobalSection
	GlobalSection(ExtensibilityGlobals) = postSolution
		SolutionGuid = {1AB9694D-B525-4C0C-94E7-EE2DA4C8A07F}
	EndGlobalSection
EndGlobal
