
Microsoft Visual Studio Solution File, Format Version 12.00
# Visual Studio Version 17
VisualStudioVersion = 17.11.35303.130
MinimumVisualStudioVersion = 10.0.40219.1
Project("{FAE04EC0-301F-11D3-BF4B-00C04F79EFBC}") = "Keresztrejtveny", "Keresztrejtveny.csproj", "{B4884B5F-F250-4243-A56A-F1C99D47A853}"
EndProject
Global
	GlobalSection(SolutionConfigurationPlatforms) = preSolution
		Debug|Any CPU = Debug|Any CPU
		Release|Any CPU = Release|Any CPU
	EndGlobalSection
	GlobalSection(ProjectConfigurationPlatforms) = postSolution
		{B4884B5F-F250-4243-A56A-F1C99D47A853}.Debug|Any CPU.ActiveCfg = Debug|Any CPU
		{B4884B5F-F250-4243-A56A-F1C99D47A853}.Debug|Any CPU.Build.0 = Debug|Any CPU
		{B4884B5F-F250-4243-A56A-F1C99D47A853}.Release|Any CPU.ActiveCfg = Release|Any CPU
		{B4884B5F-F250-4243-A56A-F1C99D47A853}.Release|Any CPU.Build.0 = Release|Any CPU
	EndGlobalSection
	GlobalSection(SolutionProperties) = preSolution
		HideSolutionNode = FALSE
	EndGlobalSection
	GlobalSection(ExtensibilityGlobals) = postSolution
		SolutionGuid = {8F1AA3E8-1C66-4163-965B-1DC8E5E3021C}
	EndGlobalSection
EndGlobal
