
Microsoft Visual Studio Solution File, Format Version 12.00
# Visual Studio Version 17
VisualStudioVersion = 17.10.35122.118
MinimumVisualStudioVersion = 10.0.40219.1
Project("{FAE04EC0-301F-11D3-BF4B-00C04F79EFBC}") = "09-18", "09-18.csproj", "{365B9B19-BD79-40DE-8D8F-0BAD9FF91FCF}"
EndProject
Global
	GlobalSection(SolutionConfigurationPlatforms) = preSolution
		Debug|Any CPU = Debug|Any CPU
		Release|Any CPU = Release|Any CPU
	EndGlobalSection
	GlobalSection(ProjectConfigurationPlatforms) = postSolution
		{365B9B19-BD79-40DE-8D8F-0BAD9FF91FCF}.Debug|Any CPU.ActiveCfg = Debug|Any CPU
		{365B9B19-BD79-40DE-8D8F-0BAD9FF91FCF}.Debug|Any CPU.Build.0 = Debug|Any CPU
		{365B9B19-BD79-40DE-8D8F-0BAD9FF91FCF}.Release|Any CPU.ActiveCfg = Release|Any CPU
		{365B9B19-BD79-40DE-8D8F-0BAD9FF91FCF}.Release|Any CPU.Build.0 = Release|Any CPU
	EndGlobalSection
	GlobalSection(SolutionProperties) = preSolution
		HideSolutionNode = FALSE
	EndGlobalSection
	GlobalSection(ExtensibilityGlobals) = postSolution
		SolutionGuid = {646C0FD6-27EB-4859-ADAA-0BE9C5B8D9B3}
	EndGlobalSection
EndGlobal
