
Microsoft Visual Studio Solution File, Format Version 12.00
# Visual Studio Version 17
VisualStudioVersion = 17.10.35122.118
MinimumVisualStudioVersion = 10.0.40219.1
Project("{FAE04EC0-301F-11D3-BF4B-00C04F79EFBC}") = "0307-slider", "0307-slider.csproj", "{F0691B13-9C79-4F7E-9A19-E337C3A4627C}"
EndProject
Global
	GlobalSection(SolutionConfigurationPlatforms) = preSolution
		Debug|Any CPU = Debug|Any CPU
		Release|Any CPU = Release|Any CPU
	EndGlobalSection
	GlobalSection(ProjectConfigurationPlatforms) = postSolution
		{F0691B13-9C79-4F7E-9A19-E337C3A4627C}.Debug|Any CPU.ActiveCfg = Debug|Any CPU
		{F0691B13-9C79-4F7E-9A19-E337C3A4627C}.Debug|Any CPU.Build.0 = Debug|Any CPU
		{F0691B13-9C79-4F7E-9A19-E337C3A4627C}.Release|Any CPU.ActiveCfg = Release|Any CPU
		{F0691B13-9C79-4F7E-9A19-E337C3A4627C}.Release|Any CPU.Build.0 = Release|Any CPU
	EndGlobalSection
	GlobalSection(SolutionProperties) = preSolution
		HideSolutionNode = FALSE
	EndGlobalSection
	GlobalSection(ExtensibilityGlobals) = postSolution
		SolutionGuid = {E30F3973-5666-4EC7-91B5-E77F520B4334}
	EndGlobalSection
EndGlobal
