
Microsoft Visual Studio Solution File, Format Version 12.00
# Visual Studio Version 17
VisualStudioVersion = 17.10.35122.118
MinimumVisualStudioVersion = 10.0.40219.1
Project("{FAE04EC0-301F-11D3-BF4B-00C04F79EFBC}") = "halak", "halak.csproj", "{BC720167-73D6-40A3-BBCC-5B9AB396E2A2}"
EndProject
Global
	GlobalSection(SolutionConfigurationPlatforms) = preSolution
		Debug|Any CPU = Debug|Any CPU
		Release|Any CPU = Release|Any CPU
	EndGlobalSection
	GlobalSection(ProjectConfigurationPlatforms) = postSolution
		{BC720167-73D6-40A3-BBCC-5B9AB396E2A2}.Debug|Any CPU.ActiveCfg = Debug|Any CPU
		{BC720167-73D6-40A3-BBCC-5B9AB396E2A2}.Debug|Any CPU.Build.0 = Debug|Any CPU
		{BC720167-73D6-40A3-BBCC-5B9AB396E2A2}.Release|Any CPU.ActiveCfg = Release|Any CPU
		{BC720167-73D6-40A3-BBCC-5B9AB396E2A2}.Release|Any CPU.Build.0 = Release|Any CPU
	EndGlobalSection
	GlobalSection(SolutionProperties) = preSolution
		HideSolutionNode = FALSE
	EndGlobalSection
	GlobalSection(ExtensibilityGlobals) = postSolution
		SolutionGuid = {46EDCF99-AEFA-4794-B2A4-3E063CE426E1}
	EndGlobalSection
EndGlobal
